
Microsoft Visual Studio Solution File, Format Version 12.00
# Visual Studio Version 17
Project("{8BC9CEB8-8B4A-11D0-8D11-00A0C91BC942}") = "ALL_BUILD", "ALL_BUILD.vcxproj", "{0C0E363A-74BA-3B47-ACCB-D9D8CE362D31}"
	ProjectSection(ProjectDependencies) = postProject
		{95CBACD5-9D7A-3D8B-AC76-C580B9CE6119} = {95CBACD5-9D7A-3D8B-AC76-C580B9CE6119}
		{963AA05D-D9B0-3838-9B8B-86C7057E6F95} = {963AA05D-D9B0-3838-9B8B-86C7057E6F95}
		{D6E5222F-955A-3640-BCDE-206ED2B6DF3A} = {D6E5222F-955A-3640-BCDE-206ED2B6DF3A}
		{5606434B-70DB-35DF-B28A-4DF984571F0A} = {5606434B-70DB-35DF-B28A-4DF984571F0A}
		{D3D69061-597B-3513-B901-6A811770A473} = {D3D69061-597B-3513-B901-6A811770A473}
		{7F83FA09-D167-3967-ACB4-8A321F864A17} = {7F83FA09-D167-3967-ACB4-8A321F864A17}
		{DFEF6C28-D41A-3093-AE49-350A1A7DA4E3} = {DFEF6C28-D41A-3093-AE49-350A1A7DA4E3}
	EndProjectSection
EndProject
Project("{8BC9CEB8-8B4A-11D0-8D11-00A0C91BC942}") = "Enclave_obj", "Enclave\Enclave_obj.vcxproj", "{95CBACD5-9D7A-3D8B-AC76-C580B9CE6119}"
	ProjectSection(ProjectDependencies) = postProject
		{963AA05D-D9B0-3838-9B8B-86C7057E6F95} = {963AA05D-D9B0-3838-9B8B-86C7057E6F95}
		{5606434B-70DB-35DF-B28A-4DF984571F0A} = {5606434B-70DB-35DF-B28A-4DF984571F0A}
	EndProjectSection
EndProject
Project("{8BC9CEB8-8B4A-11D0-8D11-00A0C91BC942}") = "Enclave_t_obj", "Enclave\Enclave_t_obj.vcxproj", "{963AA05D-D9B0-3838-9B8B-86C7057E6F95}"
	ProjectSection(ProjectDependencies) = postProject
		{5606434B-70DB-35DF-B28A-4DF984571F0A} = {5606434B-70DB-35DF-B28A-4DF984571F0A}
	EndProjectSection
EndProject
Project("{8BC9CEB8-8B4A-11D0-8D11-00A0C91BC942}") = "Enclave_u_obj", "App\Enclave_u_obj.vcxproj", "{D6E5222F-955A-3640-BCDE-206ED2B6DF3A}"
	ProjectSection(ProjectDependencies) = postProject
		{5606434B-70DB-35DF-B28A-4DF984571F0A} = {5606434B-70DB-35DF-B28A-4DF984571F0A}
	EndProjectSection
EndProject
Project("{8BC9CEB8-8B4A-11D0-8D11-00A0C91BC942}") = "ZERO_CHECK", "ZERO_CHECK.vcxproj", "{5606434B-70DB-35DF-B28A-4DF984571F0A}"
	ProjectSection(ProjectDependencies) = postProject
	EndProjectSection
EndProject
Project("{8BC9CEB8-8B4A-11D0-8D11-00A0C91BC942}") = "app", "App\app.vcxproj", "{D3D69061-597B-3513-B901-6A811770A473}"
	ProjectSection(ProjectDependencies) = postProject
		{D6E5222F-955A-3640-BCDE-206ED2B6DF3A} = {D6E5222F-955A-3640-BCDE-206ED2B6DF3A}
		{5606434B-70DB-35DF-B28A-4DF984571F0A} = {5606434B-70DB-35DF-B28A-4DF984571F0A}
		{DFEF6C28-D41A-3093-AE49-350A1A7DA4E3} = {DFEF6C28-D41A-3093-AE49-350A1A7DA4E3}
	EndProjectSection
EndProject
Project("{8BC9CEB8-8B4A-11D0-8D11-00A0C91BC942}") = "enclave", "Enclave\enclave.vcxproj", "{7F83FA09-D167-3967-ACB4-8A321F864A17}"
	ProjectSection(ProjectDependencies) = postProject
		{95CBACD5-9D7A-3D8B-AC76-C580B9CE6119} = {95CBACD5-9D7A-3D8B-AC76-C580B9CE6119}
		{963AA05D-D9B0-3838-9B8B-86C7057E6F95} = {963AA05D-D9B0-3838-9B8B-86C7057E6F95}
		{5606434B-70DB-35DF-B28A-4DF984571F0A} = {5606434B-70DB-35DF-B28A-4DF984571F0A}
	EndProjectSection
EndProject
Project("{8BC9CEB8-8B4A-11D0-8D11-00A0C91BC942}") = "enclave_signed", "Enclave\enclave_signed.vcxproj", "{DFEF6C28-D41A-3093-AE49-350A1A7DA4E3}"
	ProjectSection(ProjectDependencies) = postProject
		{5606434B-70DB-35DF-B28A-4DF984571F0A} = {5606434B-70DB-35DF-B28A-4DF984571F0A}
		{7F83FA09-D167-3967-ACB4-8A321F864A17} = {7F83FA09-D167-3967-ACB4-8A321F864A17}
	EndProjectSection
EndProject
Global
	GlobalSection(SolutionConfigurationPlatforms) = preSolution
		Debug|x64 = Debug|x64
		Release|x64 = Release|x64
		MinSizeRel|x64 = MinSizeRel|x64
		RelWithDebInfo|x64 = RelWithDebInfo|x64
	EndGlobalSection
	GlobalSection(ProjectConfigurationPlatforms) = postSolution
		{0C0E363A-74BA-3B47-ACCB-D9D8CE362D31}.Debug|x64.ActiveCfg = Debug|x64
		{0C0E363A-74BA-3B47-ACCB-D9D8CE362D31}.Release|x64.ActiveCfg = Release|x64
		{0C0E363A-74BA-3B47-ACCB-D9D8CE362D31}.MinSizeRel|x64.ActiveCfg = MinSizeRel|x64
		{0C0E363A-74BA-3B47-ACCB-D9D8CE362D31}.RelWithDebInfo|x64.ActiveCfg = RelWithDebInfo|x64
		{95CBACD5-9D7A-3D8B-AC76-C580B9CE6119}.Debug|x64.ActiveCfg = Debug|x64
		{95CBACD5-9D7A-3D8B-AC76-C580B9CE6119}.Debug|x64.Build.0 = Debug|x64
		{95CBACD5-9D7A-3D8B-AC76-C580B9CE6119}.Release|x64.ActiveCfg = Release|x64
		{95CBACD5-9D7A-3D8B-AC76-C580B9CE6119}.Release|x64.Build.0 = Release|x64
		{95CBACD5-9D7A-3D8B-AC76-C580B9CE6119}.MinSizeRel|x64.ActiveCfg = MinSizeRel|x64
		{95CBACD5-9D7A-3D8B-AC76-C580B9CE6119}.MinSizeRel|x64.Build.0 = MinSizeRel|x64
		{95CBACD5-9D7A-3D8B-AC76-C580B9CE6119}.RelWithDebInfo|x64.ActiveCfg = RelWithDebInfo|x64
		{95CBACD5-9D7A-3D8B-AC76-C580B9CE6119}.RelWithDebInfo|x64.Build.0 = RelWithDebInfo|x64
		{963AA05D-D9B0-3838-9B8B-86C7057E6F95}.Debug|x64.ActiveCfg = Debug|x64
		{963AA05D-D9B0-3838-9B8B-86C7057E6F95}.Debug|x64.Build.0 = Debug|x64
		{963AA05D-D9B0-3838-9B8B-86C7057E6F95}.Release|x64.ActiveCfg = Release|x64
		{963AA05D-D9B0-3838-9B8B-86C7057E6F95}.Release|x64.Build.0 = Release|x64
		{963AA05D-D9B0-3838-9B8B-86C7057E6F95}.MinSizeRel|x64.ActiveCfg = MinSizeRel|x64
		{963AA05D-D9B0-3838-9B8B-86C7057E6F95}.MinSizeRel|x64.Build.0 = MinSizeRel|x64
		{963AA05D-D9B0-3838-9B8B-86C7057E6F95}.RelWithDebInfo|x64.ActiveCfg = RelWithDebInfo|x64
		{963AA05D-D9B0-3838-9B8B-86C7057E6F95}.RelWithDebInfo|x64.Build.0 = RelWithDebInfo|x64
		{D6E5222F-955A-3640-BCDE-206ED2B6DF3A}.Debug|x64.ActiveCfg = Debug|x64
		{D6E5222F-955A-3640-BCDE-206ED2B6DF3A}.Debug|x64.Build.0 = Debug|x64
		{D6E5222F-955A-3640-BCDE-206ED2B6DF3A}.Release|x64.ActiveCfg = Release|x64
		{D6E5222F-955A-3640-BCDE-206ED2B6DF3A}.Release|x64.Build.0 = Release|x64
		{D6E5222F-955A-3640-BCDE-206ED2B6DF3A}.MinSizeRel|x64.ActiveCfg = MinSizeRel|x64
		{D6E5222F-955A-3640-BCDE-206ED2B6DF3A}.MinSizeRel|x64.Build.0 = MinSizeRel|x64
		{D6E5222F-955A-3640-BCDE-206ED2B6DF3A}.RelWithDebInfo|x64.ActiveCfg = RelWithDebInfo|x64
		{D6E5222F-955A-3640-BCDE-206ED2B6DF3A}.RelWithDebInfo|x64.Build.0 = RelWithDebInfo|x64
		{5606434B-70DB-35DF-B28A-4DF984571F0A}.Debug|x64.ActiveCfg = Debug|x64
		{5606434B-70DB-35DF-B28A-4DF984571F0A}.Debug|x64.Build.0 = Debug|x64
		{5606434B-70DB-35DF-B28A-4DF984571F0A}.Release|x64.ActiveCfg = Release|x64
		{5606434B-70DB-35DF-B28A-4DF984571F0A}.Release|x64.Build.0 = Release|x64
		{5606434B-70DB-35DF-B28A-4DF984571F0A}.MinSizeRel|x64.ActiveCfg = MinSizeRel|x64
		{5606434B-70DB-35DF-B28A-4DF984571F0A}.MinSizeRel|x64.Build.0 = MinSizeRel|x64
		{5606434B-70DB-35DF-B28A-4DF984571F0A}.RelWithDebInfo|x64.ActiveCfg = RelWithDebInfo|x64
		{5606434B-70DB-35DF-B28A-4DF984571F0A}.RelWithDebInfo|x64.Build.0 = RelWithDebInfo|x64
		{D3D69061-597B-3513-B901-6A811770A473}.Debug|x64.ActiveCfg = Debug|x64
		{D3D69061-597B-3513-B901-6A811770A473}.Debug|x64.Build.0 = Debug|x64
		{D3D69061-597B-3513-B901-6A811770A473}.Release|x64.ActiveCfg = Release|x64
		{D3D69061-597B-3513-B901-6A811770A473}.Release|x64.Build.0 = Release|x64
		{D3D69061-597B-3513-B901-6A811770A473}.MinSizeRel|x64.ActiveCfg = MinSizeRel|x64
		{D3D69061-597B-3513-B901-6A811770A473}.MinSizeRel|x64.Build.0 = MinSizeRel|x64
		{D3D69061-597B-3513-B901-6A811770A473}.RelWithDebInfo|x64.ActiveCfg = RelWithDebInfo|x64
		{D3D69061-597B-3513-B901-6A811770A473}.RelWithDebInfo|x64.Build.0 = RelWithDebInfo|x64
		{7F83FA09-D167-3967-ACB4-8A321F864A17}.Debug|x64.ActiveCfg = Debug|x64
		{7F83FA09-D167-3967-ACB4-8A321F864A17}.Debug|x64.Build.0 = Debug|x64
		{7F83FA09-D167-3967-ACB4-8A321F864A17}.Release|x64.ActiveCfg = Release|x64
		{7F83FA09-D167-3967-ACB4-8A321F864A17}.Release|x64.Build.0 = Release|x64
		{7F83FA09-D167-3967-ACB4-8A321F864A17}.MinSizeRel|x64.ActiveCfg = MinSizeRel|x64
		{7F83FA09-D167-3967-ACB4-8A321F864A17}.MinSizeRel|x64.Build.0 = MinSizeRel|x64
		{7F83FA09-D167-3967-ACB4-8A321F864A17}.RelWithDebInfo|x64.ActiveCfg = RelWithDebInfo|x64
		{7F83FA09-D167-3967-ACB4-8A321F864A17}.RelWithDebInfo|x64.Build.0 = RelWithDebInfo|x64
		{DFEF6C28-D41A-3093-AE49-350A1A7DA4E3}.Debug|x64.ActiveCfg = Debug|x64
		{DFEF6C28-D41A-3093-AE49-350A1A7DA4E3}.Debug|x64.Build.0 = Debug|x64
		{DFEF6C28-D41A-3093-AE49-350A1A7DA4E3}.Release|x64.ActiveCfg = Release|x64
		{DFEF6C28-D41A-3093-AE49-350A1A7DA4E3}.Release|x64.Build.0 = Release|x64
		{DFEF6C28-D41A-3093-AE49-350A1A7DA4E3}.MinSizeRel|x64.ActiveCfg = MinSizeRel|x64
		{DFEF6C28-D41A-3093-AE49-350A1A7DA4E3}.MinSizeRel|x64.Build.0 = MinSizeRel|x64
		{DFEF6C28-D41A-3093-AE49-350A1A7DA4E3}.RelWithDebInfo|x64.ActiveCfg = RelWithDebInfo|x64
		{DFEF6C28-D41A-3093-AE49-350A1A7DA4E3}.RelWithDebInfo|x64.Build.0 = RelWithDebInfo|x64
	EndGlobalSection
	GlobalSection(ExtensibilityGlobals) = postSolution
		SolutionGuid = {8AD844EA-B7E9-3E8D-83C7-B24CD51C8EC7}
	EndGlobalSection
	GlobalSection(ExtensibilityAddIns) = postSolution
	EndGlobalSection
EndGlobal
