<?xml version="1.0" encoding="utf-8"?>
<Project ToolsVersion="17.0" xmlns="http://schemas.microsoft.com/developer/msbuild/2003">
  <ItemGroup>
    <CustomBuild Include="D:\PaperTest\AcyclicJoin\build_rename_check\CMakeFiles\edea559cdc0ba6ece2de300b207c420e\generate.stamp.rule">
      <Filter>CMake Rules</Filter>
    </CustomBuild>
  </ItemGroup>
  <ItemGroup>
    <Filter Include="CMake Rules">
      <UniqueIdentifier>{8F4B7820-FF04-349A-99A8-C98FB68929A6}</UniqueIdentifier>
    </Filter>
  </ItemGroup>
</Project>
