<?xml version="1.0" encoding="utf-8"?>
<Project ToolsVersion="17.0" xmlns="http://schemas.microsoft.com/developer/msbuild/2003">
  <ItemGroup>
    <CustomBuild Include="D:\PaperTest\AcyclicJoin\build_rename_check\CMakeFiles\32b573b432ef570ecebe001cf409bc98\enclave.so.rule">
      <Filter>CMake Rules</Filter>
    </CustomBuild>
    <CustomBuild Include="D:\PaperTest\AcyclicJoin\build_rename_check\CMakeFiles\7279d6d3e34ebbeacf07c91da93fb4e2\enclave.rule">
      <Filter>CMake Rules</Filter>
    </CustomBuild>
    <CustomBuild Include="D:\PaperTest\AcyclicJoin\Enclave\CMakeLists.txt" />
  </ItemGroup>
  <ItemGroup>
    <None Include="D:\PaperTest\AcyclicJoin\build_rename_check\Enclave\CMakeFiles\enclave" />
  </ItemGroup>
  <ItemGroup>
    <Filter Include="CMake Rules">
      <UniqueIdentifier>{8F4B7820-FF04-349A-99A8-C98FB68929A6}</UniqueIdentifier>
    </Filter>
  </ItemGroup>
</Project>
